// !$*UTF8*$!
{
	archiveVersion = 1;
	classes = {
	};
	objectVersion = 50;
	objects = {

/* Begin PBXBuildFile section */
		CD48180323FD6D1300FC545B /* AppDelegate.swift in Sources */ = {isa = PBXBuildFile; fileRef = CD48180223FD6D1300FC545B /* AppDelegate.swift */; };
		CD48180523FD6D1300FC545B /* GameScene.sks in Resources */ = {isa = PBXBuildFile; fileRef = CD48180423FD6D1300FC545B /* GameScene.sks */; };
		CD48180723FD6D1300FC545B /* Actions.sks in Resources */ = {isa = PBXBuildFile; fileRef = CD48180623FD6D1300FC545B /* Actions.sks */; };
		CD48180923FD6D1300FC545B /* GameScene.swift in Sources */ = {isa = PBXBuildFile; fileRef = CD48180823FD6D1300FC545B /* GameScene.swift */; };
		CD48180B23FD6D1300FC545B /* GameViewController.swift in Sources */ = {isa = PBXBuildFile; fileRef = CD48180A23FD6D1300FC545B /* GameViewController.swift */; };
		CD48180E23FD6D1300FC545B /* Main.storyboard in Resources */ = {isa = PBXBuildFile; fileRef = CD48180C23FD6D1300FC545B /* Main.storyboard */; };
		CD48181023FD6D1600FC545B /* Assets.xcassets in Resources */ = {isa = PBXBuildFile; fileRef = CD48180F23FD6D1600FC545B /* Assets.xcassets */; };
		CD48181323FD6D1600FC545B /* LaunchScreen.storyboard in Resources */ = {isa = PBXBuildFile; fileRef = CD48181123FD6D1600FC545B /* LaunchScreen.storyboard */; };
		CD48181E23FD6D1700FC545B /* ProjectBobTests.swift in Sources */ = {isa = PBXBuildFile; fileRef = CD48181D23FD6D1700FC545B /* ProjectBobTests.swift */; };
		CD48182923FD6D1700FC545B /* ProjectBobUITests.swift in Sources */ = {isa = PBXBuildFile; fileRef = CD48182823FD6D1700FC545B /* ProjectBobUITests.swift */; };
		CDFC2F9124000017000C6D72 /* InteractiveLabel.swift in Sources */ = {isa = PBXBuildFile; fileRef = CDFC2F9024000017000C6D72 /* InteractiveLabel.swift */; };
/* End PBXBuildFile section */

/* Begin PBXContainerItemProxy section */
		CD48181A23FD6D1700FC545B /* PBXContainerItemProxy */ = {
			isa = PBXContainerItemProxy;
			containerPortal = CD4817F723FD6D1300FC545B /* Project object */;
			proxyType = 1;
			remoteGlobalIDString = CD4817FE23FD6D1300FC545B;
			remoteInfo = ProjectBob;
		};
		CD48182523FD6D1700FC545B /* PBXContainerItemProxy */ = {
			isa = PBXContainerItemProxy;
			containerPortal = CD4817F723FD6D1300FC545B /* Project object */;
			proxyType = 1;
			remoteGlobalIDString = CD4817FE23FD6D1300FC545B;
			remoteInfo = ProjectBob;
		};
/* End PBXContainerItemProxy section */

/* Begin PBXFileReference section */
		CD4817FF23FD6D1300FC545B /* ProjectBob.app */ = {isa = PBXFileReference; explicitFileType = wrapper.application; includeInIndex = 0; path = ProjectBob.app; sourceTree = BUILT_PRODUCTS_DIR; };
		CD48180223FD6D1300FC545B /* AppDelegate.swift */ = {isa = PBXFileReference; lastKnownFileType = sourcecode.swift; path = AppDelegate.swift; sourceTree = "<group>"; };
		CD48180423FD6D1300FC545B /* GameScene.sks */ = {isa = PBXFileReference; lastKnownFileType = file.sks; path = GameScene.sks; sourceTree = "<group>"; };
		CD48180623FD6D1300FC545B /* Actions.sks */ = {isa = PBXFileReference; lastKnownFileType = file.sks; path = Actions.sks; sourceTree = "<group>"; };
		CD48180823FD6D1300FC545B /* GameScene.swift */ = {isa = PBXFileReference; lastKnownFileType = sourcecode.swift; path = GameScene.swift; sourceTree = "<group>"; };
		CD48180A23FD6D1300FC545B /* GameViewController.swift */ = {isa = PBXFileReference; lastKnownFileType = sourcecode.swift; path = GameViewController.swift; sourceTree = "<group>"; };
		CD48180D23FD6D1300FC545B /* Base */ = {isa = PBXFileReference; lastKnownFileType = file.storyboard; name = Base; path = Base.lproj/Main.storyboard; sourceTree = "<group>"; };
		CD48180F23FD6D1600FC545B /* Assets.xcassets */ = {isa = PBXFileReference; lastKnownFileType = folder.assetcatalog; path = Assets.xcassets; sourceTree = "<group>"; };
		CD48181223FD6D1600FC545B /* Base */ = {isa = PBXFileReference; lastKnownFileType = file.storyboard; name = Base; path = Base.lproj/LaunchScreen.storyboard; sourceTree = "<group>"; };
		CD48181423FD6D1600FC545B /* Info.plist */ = {isa = PBXFileReference; lastKnownFileType = text.plist.xml; path = Info.plist; sourceTree = "<group>"; };
		CD48181923FD6D1700FC545B /* ProjectBobTests.xctest */ = {isa = PBXFileReference; explicitFileType = wrapper.cfbundle; includeInIndex = 0; path = ProjectBobTests.xctest; sourceTree = BUILT_PRODUCTS_DIR; };
		CD48181D23FD6D1700FC545B /* ProjectBobTests.swift */ = {isa = PBXFileReference; lastKnownFileType = sourcecode.swift; path = ProjectBobTests.swift; sourceTree = "<group>"; };
		CD48181F23FD6D1700FC545B /* Info.plist */ = {isa = PBXFileReference; lastKnownFileType = text.plist.xml; path = Info.plist; sourceTree = "<group>"; };
		CD48182423FD6D1700FC545B /* ProjectBobUITests.xctest */ = {isa = PBXFileReference; explicitFileType = wrapper.cfbundle; includeInIndex = 0; path = ProjectBobUITests.xctest; sourceTree = BUILT_PRODUCTS_DIR; };
		CD48182823FD6D1700FC545B /* ProjectBobUITests.swift */ = {isa = PBXFileReference; lastKnownFileType = sourcecode.swift; path = ProjectBobUITests.swift; sourceTree = "<group>"; };
		CD48182A23FD6D1700FC545B /* Info.plist */ = {isa = PBXFileReference; lastKnownFileType = text.plist.xml; path = Info.plist; sourceTree = "<group>"; };
		CDFC2F9024000017000C6D72 /* InteractiveLabel.swift */ = {isa = PBXFileReference; lastKnownFileType = sourcecode.swift; path = InteractiveLabel.swift; sourceTree = "<group>"; };
/* End PBXFileReference section */

/* Begin PBXFrameworksBuildPhase section */
		CD4817FC23FD6D1300FC545B /* Frameworks */ = {
			isa = PBXFrameworksBuildPhase;
			buildActionMask = 2147483647;
			files = (
			);
			runOnlyForDeploymentPostprocessing = 0;
		};
		CD48181623FD6D1700FC545B /* Frameworks */ = {
			isa = PBXFrameworksBuildPhase;
			buildActionMask = 2147483647;
			files = (
			);
			runOnlyForDeploymentPostprocessing = 0;
		};
		CD48182123FD6D1700FC545B /* Frameworks */ = {
			isa = PBXFrameworksBuildPhase;
			buildActionMask = 2147483647;
			files = (
			);
			runOnlyForDeploymentPostprocessing = 0;
		};
/* End PBXFrameworksBuildPhase section */

/* Begin PBXGroup section */
		CD4817F623FD6D1300FC545B = {
			isa = PBXGroup;
			children = (
				CD48180123FD6D1300FC545B /* ProjectBob */,
				CD48181C23FD6D1700FC545B /* ProjectBobTests */,
				CD48182723FD6D1700FC545B /* ProjectBobUITests */,
				CD48180023FD6D1300FC545B /* Products */,
			);
			sourceTree = "<group>";
		};
		CD48180023FD6D1300FC545B /* Products */ = {
			isa = PBXGroup;
			children = (
				CD4817FF23FD6D1300FC545B /* ProjectBob.app */,
				CD48181923FD6D1700FC545B /* ProjectBobTests.xctest */,
				CD48182423FD6D1700FC545B /* ProjectBobUITests.xctest */,
			);
			name = Products;
			sourceTree = "<group>";
		};
		CD48180123FD6D1300FC545B /* ProjectBob */ = {
			isa = PBXGroup;
			children = (
				CD48180223FD6D1300FC545B /* AppDelegate.swift */,
				CD48180423FD6D1300FC545B /* GameScene.sks */,
				CD48180623FD6D1300FC545B /* Actions.sks */,
				CD48180823FD6D1300FC545B /* GameScene.swift */,
				CD48180A23FD6D1300FC545B /* GameViewController.swift */,
				CD48180C23FD6D1300FC545B /* Main.storyboard */,
				CD48180F23FD6D1600FC545B /* Assets.xcassets */,
				CD48181123FD6D1600FC545B /* LaunchScreen.storyboard */,
				CD48181423FD6D1600FC545B /* Info.plist */,
				CDFC2F9024000017000C6D72 /* InteractiveLabel.swift */,
			);
			path = ProjectBob;
			sourceTree = "<group>";
		};
		CD48181C23FD6D1700FC545B /* ProjectBobTests */ = {
			isa = PBXGroup;
			children = (
				CD48181D23FD6D1700FC545B /* ProjectBobTests.swift */,
				CD48181F23FD6D1700FC545B /* Info.plist */,
			);
			path = ProjectBobTests;
			sourceTree = "<group>";
		};
		CD48182723FD6D1700FC545B /* ProjectBobUITests */ = {
			isa = PBXGroup;
			children = (
				CD48182823FD6D1700FC545B /* ProjectBobUITests.swift */,
				CD48182A23FD6D1700FC545B /* Info.plist */,
			);
			path = ProjectBobUITests;
			sourceTree = "<group>";
		};
/* End PBXGroup section */

/* Begin PBXNativeTarget section */
		CD4817FE23FD6D1300FC545B /* ProjectBob */ = {
			isa = PBXNativeTarget;
			buildConfigurationList = CD48182D23FD6D1700FC545B /* Build configuration list for PBXNativeTarget "ProjectBob" */;
			buildPhases = (
				CD4817FB23FD6D1300FC545B /* Sources */,
				CD4817FC23FD6D1300FC545B /* Frameworks */,
				CD4817FD23FD6D1300FC545B /* Resources */,
			);
			buildRules = (
			);
			dependencies = (
			);
			name = ProjectBob;
			productName = ProjectBob;
			productReference = CD4817FF23FD6D1300FC545B /* ProjectBob.app */;
			productType = "com.apple.product-type.application";
		};
		CD48181823FD6D1700FC545B /* ProjectBobTests */ = {
			isa = PBXNativeTarget;
			buildConfigurationList = CD48183023FD6D1700FC545B /* Build configuration list for PBXNativeTarget "ProjectBobTests" */;
			buildPhases = (
				CD48181523FD6D1700FC545B /* Sources */,
				CD48181623FD6D1700FC545B /* Frameworks */,
				CD48181723FD6D1700FC545B /* Resources */,
			);
			buildRules = (
			);
			dependencies = (
				CD48181B23FD6D1700FC545B /* PBXTargetDependency */,
			);
			name = ProjectBobTests;
			productName = ProjectBobTests;
			productReference = CD48181923FD6D1700FC545B /* ProjectBobTests.xctest */;
			productType = "com.apple.product-type.bundle.unit-test";
		};
		CD48182323FD6D1700FC545B /* ProjectBobUITests */ = {
			isa = PBXNativeTarget;
			buildConfigurationList = CD48183323FD6D1700FC545B /* Build configuration list for PBXNativeTarget "ProjectBobUITests" */;
			buildPhases = (
				CD48182023FD6D1700FC545B /* Sources */,
				CD48182123FD6D1700FC545B /* Frameworks */,
				CD48182223FD6D1700FC545B /* Resources */,
			);
			buildRules = (
			);
			dependencies = (
				CD48182623FD6D1700FC545B /* PBXTargetDependency */,
			);
			name = ProjectBobUITests;
			productName = ProjectBobUITests;
			productReference = CD48182423FD6D1700FC545B /* ProjectBobUITests.xctest */;
			productType = "com.apple.product-type.bundle.ui-testing";
		};
/* End PBXNativeTarget section */

/* Begin PBXProject section */
		CD4817F723FD6D1300FC545B /* Project object */ = {
			isa = PBXProject;
			attributes = {
				LastSwiftUpdateCheck = 1130;
				LastUpgradeCheck = 1130;
				ORGANIZATIONNAME = "Mariana Beilune Abad";
				TargetAttributes = {
					CD4817FE23FD6D1300FC545B = {
						CreatedOnToolsVersion = 11.3.1;
					};
					CD48181823FD6D1700FC545B = {
						CreatedOnToolsVersion = 11.3.1;
						TestTargetID = CD4817FE23FD6D1300FC545B;
					};
					CD48182323FD6D1700FC545B = {
						CreatedOnToolsVersion = 11.3.1;
						TestTargetID = CD4817FE23FD6D1300FC545B;
					};
				};
			};
			buildConfigurationList = CD4817FA23FD6D1300FC545B /* Build configuration list for PBXProject "ProjectBob" */;
			compatibilityVersion = "Xcode 9.3";
			developmentRegion = en;
			hasScannedForEncodings = 0;
			knownRegions = (
				en,
				Base,
			);
			mainGroup = CD4817F623FD6D1300FC545B;
			productRefGroup = CD48180023FD6D1300FC545B /* Products */;
			projectDirPath = "";
			projectRoot = "";
			targets = (
				CD4817FE23FD6D1300FC545B /* ProjectBob */,
				CD48181823FD6D1700FC545B /* ProjectBobTests */,
				CD48182323FD6D1700FC545B /* ProjectBobUITests */,
			);
		};
/* End PBXProject section */

/* Begin PBXResourcesBuildPhase section */
		CD4817FD23FD6D1300FC545B /* Resources */ = {
			isa = PBXResourcesBuildPhase;
			buildActionMask = 2147483647;
			files = (
				CD48180E23FD6D1300FC545B /* Main.storyboard in Resources */,
				CD48180523FD6D1300FC545B /* GameScene.sks in Resources */,
				CD48181023FD6D1600FC545B /* Assets.xcassets in Resources */,
				CD48181323FD6D1600FC545B /* LaunchScreen.storyboard in Resources */,
				CD48180723FD6D1300FC545B /* Actions.sks in Resources */,
			);
			runOnlyForDeploymentPostprocessing = 0;
		};
		CD48181723FD6D1700FC545B /* Resources */ = {
			isa = PBXResourcesBuildPhase;
			buildActionMask = 2147483647;
			files = (
			);
			runOnlyForDeploymentPostprocessing = 0;
		};
		CD48182223FD6D1700FC545B /* Resources */ = {
			isa = PBXResourcesBuildPhase;
			buildActionMask = 2147483647;
			files = (
			);
			runOnlyForDeploymentPostprocessing = 0;
		};
/* End PBXResourcesBuildPhase section */

/* Begin PBXSourcesBuildPhase section */
		CD4817FB23FD6D1300FC545B /* Sources */ = {
			isa = PBXSourcesBuildPhase;
			buildActionMask = 2147483647;
			files = (
				CD48180923FD6D1300FC545B /* GameScene.swift in Sources */,
				CD48180B23FD6D1300FC545B /* GameViewController.swift in Sources */,
				CD48180323FD6D1300FC545B /* AppDelegate.swift in Sources */,
				CDFC2F9124000017000C6D72 /* InteractiveLabel.swift in Sources */,
			);
			runOnlyForDeploymentPostprocessing = 0;
		};
		CD48181523FD6D1700FC545B /* Sources */ = {
			isa = PBXSourcesBuildPhase;
			buildActionMask = 2147483647;
			files = (
				CD48181E23FD6D1700FC545B /* ProjectBobTests.swift in Sources */,
			);
			runOnlyForDeploymentPostprocessing = 0;
		};
		CD48182023FD6D1700FC545B /* Sources */ = {
			isa = PBXSourcesBuildPhase;
			buildActionMask = 2147483647;
			files = (
				CD48182923FD6D1700FC545B /* ProjectBobUITests.swift in Sources */,
			);
			runOnlyForDeploymentPostprocessing = 0;
		};
/* End PBXSourcesBuildPhase section */

/* Begin PBXTargetDependency section */
		CD48181B23FD6D1700FC545B /* PBXTargetDependency */ = {
			isa = PBXTargetDependency;
			target = CD4817FE23FD6D1300FC545B /* ProjectBob */;
			targetProxy = CD48181A23FD6D1700FC545B /* PBXContainerItemProxy */;
		};
		CD48182623FD6D1700FC545B /* PBXTargetDependency */ = {
			isa = PBXTargetDependency;
			target = CD4817FE23FD6D1300FC545B /* ProjectBob */;
			targetProxy = CD48182523FD6D1700FC545B /* PBXContainerItemProxy */;
		};
/* End PBXTargetDependency section */

/* Begin PBXVariantGroup section */
		CD48180C23FD6D1300FC545B /* Main.storyboard */ = {
			isa = PBXVariantGroup;
			children = (
				CD48180D23FD6D1300FC545B /* Base */,
			);
			name = Main.storyboard;
			sourceTree = "<group>";
		};
		CD48181123FD6D1600FC545B /* LaunchScreen.storyboard */ = {
			isa = PBXVariantGroup;
			children = (
				CD48181223FD6D1600FC545B /* Base */,
			);
			name = LaunchScreen.storyboard;
			sourceTree = "<group>";
		};
/* End PBXVariantGroup section */

/* Begin XCBuildConfiguration section */
		CD48182B23FD6D1700FC545B /* Debug */ = {
			isa = XCBuildConfiguration;
			buildSettings = {
				ALWAYS_SEARCH_USER_PATHS = NO;
				CLANG_ANALYZER_NONNULL = YES;
				CLANG_ANALYZER_NUMBER_OBJECT_CONVERSION = YES_AGGRESSIVE;
				CLANG_CXX_LANGUAGE_STANDARD = "gnu++14";
				CLANG_CXX_LIBRARY = "libc++";
				CLANG_ENABLE_MODULES = YES;
				CLANG_ENABLE_OBJC_ARC = YES;
				CLANG_ENABLE_OBJC_WEAK = YES;
				CLANG_WARN_BLOCK_CAPTURE_AUTORELEASING = YES;
				CLANG_WARN_BOOL_CONVERSION = YES;
				CLANG_WARN_COMMA = YES;
				CLANG_WARN_CONSTANT_CONVERSION = YES;
				CLANG_WARN_DEPRECATED_OBJC_IMPLEMENTATIONS = YES;
				CLANG_WARN_DIRECT_OBJC_ISA_USAGE = YES_ERROR;
				CLANG_WARN_DOCUMENTATION_COMMENTS = YES;
				CLANG_WARN_EMPTY_BODY = YES;
				CLANG_WARN_ENUM_CONVERSION = YES;
				CLANG_WARN_INFINITE_RECURSION = YES;
				CLANG_WARN_INT_CONVERSION = YES;
				CLANG_WARN_NON_LITERAL_NULL_CONVERSION = YES;
				CLANG_WARN_OBJC_IMPLICIT_RETAIN_SELF = YES;
				CLANG_WARN_OBJC_LITERAL_CONVERSION = YES;
				CLANG_WARN_OBJC_ROOT_CLASS = YES_ERROR;
				CLANG_WARN_RANGE_LOOP_ANALYSIS = YES;
				CLANG_WARN_STRICT_PROTOTYPES = YES;
				CLANG_WARN_SUSPICIOUS_MOVE = YES;
				CLANG_WARN_UNGUARDED_AVAILABILITY = YES_AGGRESSIVE;
				CLANG_WARN_UNREACHABLE_CODE = YES;
				CLANG_WARN__DUPLICATE_METHOD_MATCH = YES;
				COPY_PHASE_STRIP = NO;
				DEBUG_INFORMATION_FORMAT = dwarf;
				ENABLE_STRICT_OBJC_MSGSEND = YES;
				ENABLE_TESTABILITY = YES;
				GCC_C_LANGUAGE_STANDARD = gnu11;
				GCC_DYNAMIC_NO_PIC = NO;
				GCC_NO_COMMON_BLOCKS = YES;
				GCC_OPTIMIZATION_LEVEL = 0;
				GCC_PREPROCESSOR_DEFINITIONS = (
					"DEBUG=1",
					"$(inherited)",
				);
				GCC_WARN_64_TO_32_BIT_CONVERSION = YES;
				GCC_WARN_ABOUT_RETURN_TYPE = YES_ERROR;
				GCC_WARN_UNDECLARED_SELECTOR = YES;
				GCC_WARN_UNINITIALIZED_AUTOS = YES_AGGRESSIVE;
				GCC_WARN_UNUSED_FUNCTION = YES;
				GCC_WARN_UNUSED_VARIABLE = YES;
				IPHONEOS_DEPLOYMENT_TARGET = 13.2;
				MTL_ENABLE_DEBUG_INFO = INCLUDE_SOURCE;
				MTL_FAST_MATH = YES;
				ONLY_ACTIVE_ARCH = YES;
				SDKROOT = iphoneos;
				SWIFT_ACTIVE_COMPILATION_CONDITIONS = DEBUG;
				SWIFT_OPTIMIZATION_LEVEL = "-Onone";
			};
			name = Debug;
		};
		CD48182C23FD6D1700FC545B /* Release */ = {
			isa = XCBuildConfiguration;
			buildSettings = {
				ALWAYS_SEARCH_USER_PATHS = NO;
				CLANG_ANALYZER_NONNULL = YES;
				CLANG_ANALYZER_NUMBER_OBJECT_CONVERSION = YES_AGGRESSIVE;
				CLANG_CXX_LANGUAGE_STANDARD = "gnu++14";
				CLANG_CXX_LIBRARY = "libc++";
				CLANG_ENABLE_MODULES = YES;
				CLANG_ENABLE_OBJC_ARC = YES;
				CLANG_ENABLE_OBJC_WEAK = YES;
				CLANG_WARN_BLOCK_CAPTURE_AUTORELEASING = YES;
				CLANG_WARN_BOOL_CONVERSION = YES;
				CLANG_WARN_COMMA = YES;
				CLANG_WARN_CONSTANT_CONVERSION = YES;
				CLANG_WARN_DEPRECATED_OBJC_IMPLEMENTATIONS = YES;
				CLANG_WARN_DIRECT_OBJC_ISA_USAGE = YES_ERROR;
				CLANG_WARN_DOCUMENTATION_COMMENTS = YES;
				CLANG_WARN_EMPTY_BODY = YES;
				CLANG_WARN_ENUM_CONVERSION = YES;
				CLANG_WARN_INFINITE_RECURSION = YES;
				CLANG_WARN_INT_CONVERSION = YES;
				CLANG_WARN_NON_LITERAL_NULL_CONVERSION = YES;
				CLANG_WARN_OBJC_IMPLICIT_RETAIN_SELF = YES;
				CLANG_WARN_OBJC_LITERAL_CONVERSION = YES;
				CLANG_WARN_OBJC_ROOT_CLASS = YES_ERROR;
				CLANG_WARN_RANGE_LOOP_ANALYSIS = YES;
				CLANG_WARN_STRICT_PROTOTYPES = YES;
				CLANG_WARN_SUSPICIOUS_MOVE = YES;
				CLANG_WARN_UNGUARDED_AVAILABILITY = YES_AGGRESSIVE;
				CLANG_WARN_UNREACHABLE_CODE = YES;
				CLANG_WARN__DUPLICATE_METHOD_MATCH = YES;
				COPY_PHASE_STRIP = NO;
				DEBUG_INFORMATION_FORMAT = "dwarf-with-dsym";
				ENABLE_NS_ASSERTIONS = NO;
				ENABLE_STRICT_OBJC_MSGSEND = YES;
				GCC_C_LANGUAGE_STANDARD = gnu11;
				GCC_NO_COMMON_BLOCKS = YES;
				GCC_WARN_64_TO_32_BIT_CONVERSION = YES;
				GCC_WARN_ABOUT_RETURN_TYPE = YES_ERROR;
				GCC_WARN_UNDECLARED_SELECTOR = YES;
				GCC_WARN_UNINITIALIZED_AUTOS = YES_AGGRESSIVE;
				GCC_WARN_UNUSED_FUNCTION = YES;
				GCC_WARN_UNUSED_VARIABLE = YES;
				IPHONEOS_DEPLOYMENT_TARGET = 13.2;
				MTL_ENABLE_DEBUG_INFO = NO;
				MTL_FAST_MATH = YES;
				SDKROOT = iphoneos;
				SWIFT_COMPILATION_MODE = wholemodule;
				SWIFT_OPTIMIZATION_LEVEL = "-O";
				VALIDATE_PRODUCT = YES;
			};
			name = Release;
		};
		CD48182E23FD6D1700FC545B /* Debug */ = {
			isa = XCBuildConfiguration;
			buildSettings = {
				ASSETCATALOG_COMPILER_APPICON_NAME = AppIcon;
				CODE_SIGN_STYLE = Automatic;
				DEVELOPMENT_TEAM = ADP5XER6GT;
				INFOPLIST_FILE = ProjectBob/Info.plist;
				LD_RUNPATH_SEARCH_PATHS = (
					"$(inherited)",
					"@executable_path/Frameworks",
				);
				PRODUCT_BUNDLE_IDENTIFIER = com.mariabad.ProjectBob;
				PRODUCT_NAME = "$(TARGET_NAME)";
				SWIFT_VERSION = 5.0;
				TARGETED_DEVICE_FAMILY = "1,2";
			};
			name = Debug;
		};
		CD48182F23FD6D1700FC545B /* Release */ = {
			isa = XCBuildConfiguration;
			buildSettings = {
				ASSETCATALOG_COMPILER_APPICON_NAME = AppIcon;
				CODE_SIGN_STYLE = Automatic;
				DEVELOPMENT_TEAM = ADP5XER6GT;
				INFOPLIST_FILE = ProjectBob/Info.plist;
				LD_RUNPATH_SEARCH_PATHS = (
					"$(inherited)",
					"@executable_path/Frameworks",
				);
				PRODUCT_BUNDLE_IDENTIFIER = com.mariabad.ProjectBob;
				PRODUCT_NAME = "$(TARGET_NAME)";
				SWIFT_VERSION = 5.0;
				TARGETED_DEVICE_FAMILY = "1,2";
			};
			name = Release;
		};
		CD48183123FD6D1700FC545B /* Debug */ = {
			isa = XCBuildConfiguration;
			buildSettings = {
				ALWAYS_EMBED_SWIFT_STANDARD_LIBRARIES = YES;
				BUNDLE_LOADER = "$(TEST_HOST)";
				CODE_SIGN_STYLE = Automatic;
				DEVELOPMENT_TEAM = ADP5XER6GT;
				INFOPLIST_FILE = ProjectBobTests/Info.plist;
				IPHONEOS_DEPLOYMENT_TARGET = 13.2;
				LD_RUNPATH_SEARCH_PATHS = (
					"$(inherited)",
					"@executable_path/Frameworks",
					"@loader_path/Frameworks",
				);
				PRODUCT_BUNDLE_IDENTIFIER = com.mariabad.ProjectBobTests;
				PRODUCT_NAME = "$(TARGET_NAME)";
				SWIFT_VERSION = 5.0;
				TARGETED_DEVICE_FAMILY = "1,2";
				TEST_HOST = "$(BUILT_PRODUCTS_DIR)/ProjectBob.app/ProjectBob";
			};
			name = Debug;
		};
		CD48183223FD6D1700FC545B /* Release */ = {
			isa = XCBuildConfiguration;
			buildSettings = {
				ALWAYS_EMBED_SWIFT_STANDARD_LIBRARIES = YES;
				BUNDLE_LOADER = "$(TEST_HOST)";
				CODE_SIGN_STYLE = Automatic;
				DEVELOPMENT_TEAM = ADP5XER6GT;
				INFOPLIST_FILE = ProjectBobTests/Info.plist;
				IPHONEOS_DEPLOYMENT_TARGET = 13.2;
				LD_RUNPATH_SEARCH_PATHS = (
					"$(inherited)",
					"@executable_path/Frameworks",
					"@loader_path/Frameworks",
				);
				PRODUCT_BUNDLE_IDENTIFIER = com.mariabad.ProjectBobTests;
				PRODUCT_NAME = "$(TARGET_NAME)";
				SWIFT_VERSION = 5.0;
				TARGETED_DEVICE_FAMILY = "1,2";
				TEST_HOST = "$(BUILT_PRODUCTS_DIR)/ProjectBob.app/ProjectBob";
			};
			name = Release;
		};
		CD48183423FD6D1700FC545B /* Debug */ = {
			isa = XCBuildConfiguration;
			buildSettings = {
				ALWAYS_EMBED_SWIFT_STANDARD_LIBRARIES = YES;
				CODE_SIGN_STYLE = Automatic;
				DEVELOPMENT_TEAM = ADP5XER6GT;
				INFOPLIST_FILE = ProjectBobUITests/Info.plist;
				LD_RUNPATH_SEARCH_PATHS = (
					"$(inherited)",
					"@executable_path/Frameworks",
					"@loader_path/Frameworks",
				);
				PRODUCT_BUNDLE_IDENTIFIER = com.mariabad.ProjectBobUITests;
				PRODUCT_NAME = "$(TARGET_NAME)";
				SWIFT_VERSION = 5.0;
				TARGETED_DEVICE_FAMILY = "1,2";
				TEST_TARGET_NAME = ProjectBob;
			};
			name = Debug;
		};
		CD48183523FD6D1700FC545B /* Release */ = {
			isa = XCBuildConfiguration;
			buildSettings = {
				ALWAYS_EMBED_SWIFT_STANDARD_LIBRARIES = YES;
				CODE_SIGN_STYLE = Automatic;
				DEVELOPMENT_TEAM = ADP5XER6GT;
				INFOPLIST_FILE = ProjectBobUITests/Info.plist;
				LD_RUNPATH_SEARCH_PATHS = (
					"$(inherited)",
					"@executable_path/Frameworks",
					"@loader_path/Frameworks",
				);
				PRODUCT_BUNDLE_IDENTIFIER = com.mariabad.ProjectBobUITests;
				PRODUCT_NAME = "$(TARGET_NAME)";
				SWIFT_VERSION = 5.0;
				TARGETED_DEVICE_FAMILY = "1,2";
				TEST_TARGET_NAME = ProjectBob;
			};
			name = Release;
		};
/* End XCBuildConfiguration section */

/* Begin XCConfigurationList section */
		CD4817FA23FD6D1300FC545B /* Build configuration list for PBXProject "ProjectBob" */ = {
			isa = XCConfigurationList;
			buildConfigurations = (
				CD48182B23FD6D1700FC545B /* Debug */,
				CD48182C23FD6D1700FC545B /* Release */,
			);
			defaultConfigurationIsVisible = 0;
			defaultConfigurationName = Release;
		};
		CD48182D23FD6D1700FC545B /* Build configuration list for PBXNativeTarget "ProjectBob" */ = {
			isa = XCConfigurationList;
			buildConfigurations = (
				CD48182E23FD6D1700FC545B /* Debug */,
				CD48182F23FD6D1700FC545B /* Release */,
			);
			defaultConfigurationIsVisible = 0;
			defaultConfigurationName = Release;
		};
		CD48183023FD6D1700FC545B /* Build configuration list for PBXNativeTarget "ProjectBobTests" */ = {
			isa = XCConfigurationList;
			buildConfigurations = (
				CD48183123FD6D1700FC545B /* Debug */,
				CD48183223FD6D1700FC545B /* Release */,
			);
			defaultConfigurationIsVisible = 0;
			defaultConfigurationName = Release;
		};
		CD48183323FD6D1700FC545B /* Build configuration list for PBXNativeTarget "ProjectBobUITests" */ = {
			isa = XCConfigurationList;
			buildConfigurations = (
				CD48183423FD6D1700FC545B /* Debug */,
				CD48183523FD6D1700FC545B /* Release */,
			);
			defaultConfigurationIsVisible = 0;
			defaultConfigurationName = Release;
		};
/* End XCConfigurationList section */
	};
	rootObject = CD4817F723FD6D1300FC545B /* Project object */;
}
